// !$*UTF8*$!
{
	archiveVersion = 1;
	classes = {
	};
	objectVersion = 46;
	objects = {

/* Begin PBXBuildFile section */
		AA61317716E43728009E2B87 /* UIKit.framework in Frameworks */ = {isa = PBXBuildFile; fileRef = AA61317616E43728009E2B87 /* UIKit.framework */; };
		AA61317916E43728009E2B87 /* Foundation.framework in Frameworks */ = {isa = PBXBuildFile; fileRef = AA61317816E43728009E2B87 /* Foundation.framework */; };
		AA61317B16E43728009E2B87 /* CoreGraphics.framework in Frameworks */ = {isa = PBXBuildFile; fileRef = AA61317A16E43728009E2B87 /* CoreGraphics.framework */; };
		AA61318116E43728009E2B87 /* InfoPlist.strings in Resources */ = {isa = PBXBuildFile; fileRef = AA61317F16E43728009E2B87 /* InfoPlist.strings */; };
		AA61318316E43728009E2B87 /* main.m in Sources */ = {isa = PBXBuildFile; fileRef = AA61318216E43728009E2B87 /* main.m */; };
		AA61318716E43728009E2B87 /* AppDelegate.m in Sources */ = {isa = PBXBuildFile; fileRef = AA61318616E43728009E2B87 /* AppDelegate.m */; };
		AA61318916E43728009E2B87 /* Default.png in Resources */ = {isa = PBXBuildFile; fileRef = AA61318816E43728009E2B87 /* Default.png */; };
		AA61318B16E43728009E2B87 /* Default@2x.png in Resources */ = {isa = PBXBuildFile; fileRef = AA61318A16E43728009E2B87 /* Default@2x.png */; };
		AA61318D16E43728009E2B87 /* Default-568h@2x.png in Resources */ = {isa = PBXBuildFile; fileRef = AA61318C16E43728009E2B87 /* Default-568h@2x.png */; };
		AA61319016E43728009E2B87 /* MainStoryboard.storyboard in Resources */ = {isa = PBXBuildFile; fileRef = AA61318E16E43728009E2B87 /* MainStoryboard.storyboard */; };
		AA61319316E43728009E2B87 /* ViewController.m in Sources */ = {isa = PBXBuildFile; fileRef = AA61319216E43728009E2B87 /* ViewController.m */; };
		AA6131B416E43828009E2B87 /* Beachsection.m in Sources */ = {isa = PBXBuildFile; fileRef = AA61319B16E43828009E2B87 /* Beachsection.m */; };
		AA6131B516E43828009E2B87 /* Cell.m in Sources */ = {isa = PBXBuildFile; fileRef = AA61319D16E43828009E2B87 /* Cell.m */; };
		AA6131B616E43828009E2B87 /* CircleEvent.m in Sources */ = {isa = PBXBuildFile; fileRef = AA61319F16E43828009E2B87 /* CircleEvent.m */; };
		AA6131B716E43828009E2B87 /* ClayPathMaker.m in Sources */ = {isa = PBXBuildFile; fileRef = AA6131A116E43828009E2B87 /* ClayPathMaker.m */; };
		AA6131B816E43828009E2B87 /* ClayRelaxer.m in Sources */ = {isa = PBXBuildFile; fileRef = AA6131A316E43828009E2B87 /* ClayRelaxer.m */; };
		AA6131B916E43828009E2B87 /* Edge.m in Sources */ = {isa = PBXBuildFile; fileRef = AA6131A516E43828009E2B87 /* Edge.m */; };
		AA6131BA16E43828009E2B87 /* Halfedge.m in Sources */ = {isa = PBXBuildFile; fileRef = AA6131A716E43828009E2B87 /* Halfedge.m */; };
		AA6131BB16E43828009E2B87 /* RBTree.m in Sources */ = {isa = PBXBuildFile; fileRef = AA6131A916E43828009E2B87 /* RBTree.m */; };
		AA6131BC16E43828009E2B87 /* Site.m in Sources */ = {isa = PBXBuildFile; fileRef = AA6131AB16E43828009E2B87 /* Site.m */; };
		AA6131BD16E43828009E2B87 /* Vertex.m in Sources */ = {isa = PBXBuildFile; fileRef = AA6131AD16E43828009E2B87 /* Vertex.m */; };
		AA6131BE16E43828009E2B87 /* Voronoi.m in Sources */ = {isa = PBXBuildFile; fileRef = AA6131AF16E43828009E2B87 /* Voronoi.m */; };
		AA6131BF16E43828009E2B87 /* VoronoiConstants.m in Sources */ = {isa = PBXBuildFile; fileRef = AA6131B116E43828009E2B87 /* VoronoiConstants.m */; };
		AA6131C016E43828009E2B87 /* VoronoiResult.m in Sources */ = {isa = PBXBuildFile; fileRef = AA6131B316E43828009E2B87 /* VoronoiResult.m */; };
		AA6131C316E438B8009E2B87 /* VoronoiView.m in Sources */ = {isa = PBXBuildFile; fileRef = AA6131C216E438B8009E2B87 /* VoronoiView.m */; };
/* End PBXBuildFile section */

/* Begin PBXFileReference section */
		AA61317316E43728009E2B87 /* Voronoi-iOS.app */ = {isa = PBXFileReference; explicitFileType = wrapper.application; includeInIndex = 0; path = "Voronoi-iOS.app"; sourceTree = BUILT_PRODUCTS_DIR; };
		AA61317616E43728009E2B87 /* UIKit.framework */ = {isa = PBXFileReference; lastKnownFileType = wrapper.framework; name = UIKit.framework; path = System/Library/Frameworks/UIKit.framework; sourceTree = SDKROOT; };
		AA61317816E43728009E2B87 /* Foundation.framework */ = {isa = PBXFileReference; lastKnownFileType = wrapper.framework; name = Foundation.framework; path = System/Library/Frameworks/Foundation.framework; sourceTree = SDKROOT; };
		AA61317A16E43728009E2B87 /* CoreGraphics.framework */ = {isa = PBXFileReference; lastKnownFileType = wrapper.framework; name = CoreGraphics.framework; path = System/Library/Frameworks/CoreGraphics.framework; sourceTree = SDKROOT; };
		AA61317E16E43728009E2B87 /* Voronoi-iOS-Info.plist */ = {isa = PBXFileReference; lastKnownFileType = text.plist.xml; path = "Voronoi-iOS-Info.plist"; sourceTree = "<group>"; };
		AA61318016E43728009E2B87 /* en */ = {isa = PBXFileReference; lastKnownFileType = text.plist.strings; name = en; path = en.lproj/InfoPlist.strings; sourceTree = "<group>"; };
		AA61318216E43728009E2B87 /* main.m */ = {isa = PBXFileReference; lastKnownFileType = sourcecode.c.objc; path = main.m; sourceTree = "<group>"; };
		AA61318416E43728009E2B87 /* Voronoi-iOS-Prefix.pch */ = {isa = PBXFileReference; lastKnownFileType = sourcecode.c.h; path = "Voronoi-iOS-Prefix.pch"; sourceTree = "<group>"; };
		AA61318516E43728009E2B87 /* AppDelegate.h */ = {isa = PBXFileReference; lastKnownFileType = sourcecode.c.h; path = AppDelegate.h; sourceTree = "<group>"; };
		AA61318616E43728009E2B87 /* AppDelegate.m */ = {isa = PBXFileReference; lastKnownFileType = sourcecode.c.objc; path = AppDelegate.m; sourceTree = "<group>"; };
		AA61318816E43728009E2B87 /* Default.png */ = {isa = PBXFileReference; lastKnownFileType = image.png; path = Default.png; sourceTree = "<group>"; };
		AA61318A16E43728009E2B87 /* Default@2x.png */ = {isa = PBXFileReference; lastKnownFileType = image.png; path = "Default@2x.png"; sourceTree = "<group>"; };
		AA61318C16E43728009E2B87 /* Default-568h@2x.png */ = {isa = PBXFileReference; lastKnownFileType = image.png; path = "Default-568h@2x.png"; sourceTree = "<group>"; };
		AA61318F16E43728009E2B87 /* en */ = {isa = PBXFileReference; lastKnownFileType = file.storyboard; name = en; path = en.lproj/MainStoryboard.storyboard; sourceTree = "<group>"; };
		AA61319116E43728009E2B87 /* ViewController.h */ = {isa = PBXFileReference; lastKnownFileType = sourcecode.c.h; path = ViewController.h; sourceTree = "<group>"; };
		AA61319216E43728009E2B87 /* ViewController.m */ = {isa = PBXFileReference; lastKnownFileType = sourcecode.c.objc; path = ViewController.m; sourceTree = "<group>"; };
		AA61319A16E43828009E2B87 /* Beachsection.h */ = {isa = PBXFileReference; fileEncoding = 4; lastKnownFileType = sourcecode.c.h; path = Beachsection.h; sourceTree = "<group>"; };
		AA61319B16E43828009E2B87 /* Beachsection.m */ = {isa = PBXFileReference; fileEncoding = 4; lastKnownFileType = sourcecode.c.objc; path = Beachsection.m; sourceTree = "<group>"; };
		AA61319C16E43828009E2B87 /* Cell.h */ = {isa = PBXFileReference; fileEncoding = 4; lastKnownFileType = sourcecode.c.h; path = Cell.h; sourceTree = "<group>"; };
		AA61319D16E43828009E2B87 /* Cell.m */ = {isa = PBXFileReference; fileEncoding = 4; lastKnownFileType = sourcecode.c.objc; path = Cell.m; sourceTree = "<group>"; };
		AA61319E16E43828009E2B87 /* CircleEvent.h */ = {isa = PBXFileReference; fileEncoding = 4; lastKnownFileType = sourcecode.c.h; path = CircleEvent.h; sourceTree = "<group>"; };
		AA61319F16E43828009E2B87 /* CircleEvent.m */ = {isa = PBXFileReference; fileEncoding = 4; lastKnownFileType = sourcecode.c.objc; path = CircleEvent.m; sourceTree = "<group>"; };
		AA6131A016E43828009E2B87 /* ClayPathMaker.h */ = {isa = PBXFileReference; fileEncoding = 4; lastKnownFileType = sourcecode.c.h; path = ClayPathMaker.h; sourceTree = "<group>"; };
		AA6131A116E43828009E2B87 /* ClayPathMaker.m */ = {isa = PBXFileReference; fileEncoding = 4; lastKnownFileType = sourcecode.c.objc; path = ClayPathMaker.m; sourceTree = "<group>"; };
		AA6131A216E43828009E2B87 /* ClayRelaxer.h */ = {isa = PBXFileReference; fileEncoding = 4; lastKnownFileType = sourcecode.c.h; path = ClayRelaxer.h; sourceTree = "<group>"; };
		AA6131A316E43828009E2B87 /* ClayRelaxer.m */ = {isa = PBXFileReference; fileEncoding = 4; lastKnownFileType = sourcecode.c.objc; path = ClayRelaxer.m; sourceTree = "<group>"; };
		AA6131A416E43828009E2B87 /* Edge.h */ = {isa = PBXFileReference; fileEncoding = 4; lastKnownFileType = sourcecode.c.h; path = Edge.h; sourceTree = "<group>"; };
		AA6131A516E43828009E2B87 /* Edge.m */ = {isa = PBXFileReference; fileEncoding = 4; lastKnownFileType = sourcecode.c.objc; path = Edge.m; sourceTree = "<group>"; };
		AA6131A616E43828009E2B87 /* Halfedge.h */ = {isa = PBXFileReference; fileEncoding = 4; lastKnownFileType = sourcecode.c.h; path = Halfedge.h; sourceTree = "<group>"; };
		AA6131A716E43828009E2B87 /* Halfedge.m */ = {isa = PBXFileReference; fileEncoding = 4; lastKnownFileType = sourcecode.c.objc; path = Halfedge.m; sourceTree = "<group>"; };
		AA6131A816E43828009E2B87 /* RBTree.h */ = {isa = PBXFileReference; fileEncoding = 4; lastKnownFileType = sourcecode.c.h; path = RBTree.h; sourceTree = "<group>"; };
		AA6131A916E43828009E2B87 /* RBTree.m */ = {isa = PBXFileReference; fileEncoding = 4; lastKnownFileType = sourcecode.c.objc; path = RBTree.m; sourceTree = "<group>"; };
		AA6131AA16E43828009E2B87 /* Site.h */ = {isa = PBXFileReference; fileEncoding = 4; lastKnownFileType = sourcecode.c.h; path = Site.h; sourceTree = "<group>"; };
		AA6131AB16E43828009E2B87 /* Site.m */ = {isa = PBXFileReference; fileEncoding = 4; lastKnownFileType = sourcecode.c.objc; path = Site.m; sourceTree = "<group>"; };
		AA6131AC16E43828009E2B87 /* Vertex.h */ = {isa = PBXFileReference; fileEncoding = 4; lastKnownFileType = sourcecode.c.h; path = Vertex.h; sourceTree = "<group>"; };
		AA6131AD16E43828009E2B87 /* Vertex.m */ = {isa = PBXFileReference; fileEncoding = 4; lastKnownFileType = sourcecode.c.objc; path = Vertex.m; sourceTree = "<group>"; };
		AA6131AE16E43828009E2B87 /* Voronoi.h */ = {isa = PBXFileReference; fileEncoding = 4; lastKnownFileType = sourcecode.c.h; path = Voronoi.h; sourceTree = "<group>"; };
		AA6131AF16E43828009E2B87 /* Voronoi.m */ = {isa = PBXFileReference; fileEncoding = 4; lastKnownFileType = sourcecode.c.objc; path = Voronoi.m; sourceTree = "<group>"; };
		AA6131B016E43828009E2B87 /* VoronoiConstants.h */ = {isa = PBXFileReference; fileEncoding = 4; lastKnownFileType = sourcecode.c.h; path = VoronoiConstants.h; sourceTree = "<group>"; };
		AA6131B116E43828009E2B87 /* VoronoiConstants.m */ = {isa = PBXFileReference; fileEncoding = 4; lastKnownFileType = sourcecode.c.objc; path = VoronoiConstants.m; sourceTree = "<group>"; };
		AA6131B216E43828009E2B87 /* VoronoiResult.h */ = {isa = PBXFileReference; fileEncoding = 4; lastKnownFileType = sourcecode.c.h; path = VoronoiResult.h; sourceTree = "<group>"; };
		AA6131B316E43828009E2B87 /* VoronoiResult.m */ = {isa = PBXFileReference; fileEncoding = 4; lastKnownFileType = sourcecode.c.objc; path = VoronoiResult.m; sourceTree = "<group>"; };
		AA6131C116E438B8009E2B87 /* VoronoiView.h */ = {isa = PBXFileReference; fileEncoding = 4; lastKnownFileType = sourcecode.c.h; path = VoronoiView.h; sourceTree = "<group>"; };
		AA6131C216E438B8009E2B87 /* VoronoiView.m */ = {isa = PBXFileReference; fileEncoding = 4; lastKnownFileType = sourcecode.c.objc; path = VoronoiView.m; sourceTree = "<group>"; };
/* End PBXFileReference section */

/* Begin PBXFrameworksBuildPhase section */
		AA61317016E43728009E2B87 /* Frameworks */ = {
			isa = PBXFrameworksBuildPhase;
			buildActionMask = 2147483647;
			files = (
				AA61317716E43728009E2B87 /* UIKit.framework in Frameworks */,
				AA61317916E43728009E2B87 /* Foundation.framework in Frameworks */,
				AA61317B16E43728009E2B87 /* CoreGraphics.framework in Frameworks */,
			);
			runOnlyForDeploymentPostprocessing = 0;
		};
/* End PBXFrameworksBuildPhase section */

/* Begin PBXGroup section */
		AA61316A16E43728009E2B87 = {
			isa = PBXGroup;
			children = (
				AA61317C16E43728009E2B87 /* Voronoi-iOS */,
				AA61317516E43728009E2B87 /* Frameworks */,
				AA61317416E43728009E2B87 /* Products */,
			);
			sourceTree = "<group>";
		};
		AA61317416E43728009E2B87 /* Products */ = {
			isa = PBXGroup;
			children = (
				AA61317316E43728009E2B87 /* Voronoi-iOS.app */,
			);
			name = Products;
			sourceTree = "<group>";
		};
		AA61317516E43728009E2B87 /* Frameworks */ = {
			isa = PBXGroup;
			children = (
				AA61317616E43728009E2B87 /* UIKit.framework */,
				AA61317816E43728009E2B87 /* Foundation.framework */,
				AA61317A16E43728009E2B87 /* CoreGraphics.framework */,
			);
			name = Frameworks;
			sourceTree = "<group>";
		};
		AA61317C16E43728009E2B87 /* Voronoi-iOS */ = {
			isa = PBXGroup;
			children = (
				AA61318516E43728009E2B87 /* AppDelegate.h */,
				AA61318616E43728009E2B87 /* AppDelegate.m */,
				AA61318E16E43728009E2B87 /* MainStoryboard.storyboard */,
				AA61319116E43728009E2B87 /* ViewController.h */,
				AA61319216E43728009E2B87 /* ViewController.m */,
				AA6131C116E438B8009E2B87 /* VoronoiView.h */,
				AA6131C216E438B8009E2B87 /* VoronoiView.m */,
				AA61319916E4373E009E2B87 /* Voronoi */,
				AA61317D16E43728009E2B87 /* Supporting Files */,
			);
			path = "Voronoi-iOS";
			sourceTree = "<group>";
		};
		AA61317D16E43728009E2B87 /* Supporting Files */ = {
			isa = PBXGroup;
			children = (
				AA61317E16E43728009E2B87 /* Voronoi-iOS-Info.plist */,
				AA61317F16E43728009E2B87 /* InfoPlist.strings */,
				AA61318216E43728009E2B87 /* main.m */,
				AA61318416E43728009E2B87 /* Voronoi-iOS-Prefix.pch */,
				AA61318816E43728009E2B87 /* Default.png */,
				AA61318A16E43728009E2B87 /* Default@2x.png */,
				AA61318C16E43728009E2B87 /* Default-568h@2x.png */,
			);
			name = "Supporting Files";
			sourceTree = "<group>";
		};
		AA61319916E4373E009E2B87 /* Voronoi */ = {
			isa = PBXGroup;
			children = (
				AA61319A16E43828009E2B87 /* Beachsection.h */,
				AA61319B16E43828009E2B87 /* Beachsection.m */,
				AA61319C16E43828009E2B87 /* Cell.h */,
				AA61319D16E43828009E2B87 /* Cell.m */,
				AA61319E16E43828009E2B87 /* CircleEvent.h */,
				AA61319F16E43828009E2B87 /* CircleEvent.m */,
				AA6131A016E43828009E2B87 /* ClayPathMaker.h */,
				AA6131A116E43828009E2B87 /* ClayPathMaker.m */,
				AA6131A216E43828009E2B87 /* ClayRelaxer.h */,
				AA6131A316E43828009E2B87 /* ClayRelaxer.m */,
				AA6131A416E43828009E2B87 /* Edge.h */,
				AA6131A516E43828009E2B87 /* Edge.m */,
				AA6131A616E43828009E2B87 /* Halfedge.h */,
				AA6131A716E43828009E2B87 /* Halfedge.m */,
				AA6131A816E43828009E2B87 /* RBTree.h */,
				AA6131A916E43828009E2B87 /* RBTree.m */,
				AA6131AA16E43828009E2B87 /* Site.h */,
				AA6131AB16E43828009E2B87 /* Site.m */,
				AA6131AC16E43828009E2B87 /* Vertex.h */,
				AA6131AD16E43828009E2B87 /* Vertex.m */,
				AA6131AE16E43828009E2B87 /* Voronoi.h */,
				AA6131AF16E43828009E2B87 /* Voronoi.m */,
				AA6131B016E43828009E2B87 /* VoronoiConstants.h */,
				AA6131B116E43828009E2B87 /* VoronoiConstants.m */,
				AA6131B216E43828009E2B87 /* VoronoiResult.h */,
				AA6131B316E43828009E2B87 /* VoronoiResult.m */,
			);
			name = Voronoi;
			sourceTree = "<group>";
		};
/* End PBXGroup section */

/* Begin PBXNativeTarget section */
		AA61317216E43728009E2B87 /* Voronoi-iOS */ = {
			isa = PBXNativeTarget;
			buildConfigurationList = AA61319616E43728009E2B87 /* Build configuration list for PBXNativeTarget "Voronoi-iOS" */;
			buildPhases = (
				AA61316F16E43728009E2B87 /* Sources */,
				AA61317016E43728009E2B87 /* Frameworks */,
				AA61317116E43728009E2B87 /* Resources */,
			);
			buildRules = (
			);
			dependencies = (
			);
			name = "Voronoi-iOS";
			productName = "Voronoi-iOS";
			productReference = AA61317316E43728009E2B87 /* Voronoi-iOS.app */;
			productType = "com.apple.product-type.application";
		};
/* End PBXNativeTarget section */

/* Begin PBXProject section */
		AA61316B16E43728009E2B87 /* Project object */ = {
			isa = PBXProject;
			attributes = {
				LastUpgradeCheck = 0460;
				ORGANIZATIONNAME = "Ethan Mick";
			};
			buildConfigurationList = AA61316E16E43728009E2B87 /* Build configuration list for PBXProject "Voronoi-iOS" */;
			compatibilityVersion = "Xcode 3.2";
			developmentRegion = English;
			hasScannedForEncodings = 0;
			knownRegions = (
				en,
			);
			mainGroup = AA61316A16E43728009E2B87;
			productRefGroup = AA61317416E43728009E2B87 /* Products */;
			projectDirPath = "";
			projectRoot = "";
			targets = (
				AA61317216E43728009E2B87 /* Voronoi-iOS */,
			);
		};
/* End PBXProject section */

/* Begin PBXResourcesBuildPhase section */
		AA61317116E43728009E2B87 /* Resources */ = {
			isa = PBXResourcesBuildPhase;
			buildActionMask = 2147483647;
			files = (
				AA61318116E43728009E2B87 /* InfoPlist.strings in Resources */,
				AA61318916E43728009E2B87 /* Default.png in Resources */,
				AA61318B16E43728009E2B87 /* Default@2x.png in Resources */,
				AA61318D16E43728009E2B87 /* Default-568h@2x.png in Resources */,
				AA61319016E43728009E2B87 /* MainStoryboard.storyboard in Resources */,
			);
			runOnlyForDeploymentPostprocessing = 0;
		};
/* End PBXResourcesBuildPhase section */

/* Begin PBXSourcesBuildPhase section */
		AA61316F16E43728009E2B87 /* Sources */ = {
			isa = PBXSourcesBuildPhase;
			buildActionMask = 2147483647;
			files = (
				AA61318316E43728009E2B87 /* main.m in Sources */,
				AA61318716E43728009E2B87 /* AppDelegate.m in Sources */,
				AA61319316E43728009E2B87 /* ViewController.m in Sources */,
				AA6131B416E43828009E2B87 /* Beachsection.m in Sources */,
				AA6131B516E43828009E2B87 /* Cell.m in Sources */,
				AA6131B616E43828009E2B87 /* CircleEvent.m in Sources */,
				AA6131B716E43828009E2B87 /* ClayPathMaker.m in Sources */,
				AA6131B816E43828009E2B87 /* ClayRelaxer.m in Sources */,
				AA6131B916E43828009E2B87 /* Edge.m in Sources */,
				AA6131BA16E43828009E2B87 /* Halfedge.m in Sources */,
				AA6131BB16E43828009E2B87 /* RBTree.m in Sources */,
				AA6131BC16E43828009E2B87 /* Site.m in Sources */,
				AA6131BD16E43828009E2B87 /* Vertex.m in Sources */,
				AA6131BE16E43828009E2B87 /* Voronoi.m in Sources */,
				AA6131BF16E43828009E2B87 /* VoronoiConstants.m in Sources */,
				AA6131C016E43828009E2B87 /* VoronoiResult.m in Sources */,
				AA6131C316E438B8009E2B87 /* VoronoiView.m in Sources */,
			);
			runOnlyForDeploymentPostprocessing = 0;
		};
/* End PBXSourcesBuildPhase section */

/* Begin PBXVariantGroup section */
		AA61317F16E43728009E2B87 /* InfoPlist.strings */ = {
			isa = PBXVariantGroup;
			children = (
				AA61318016E43728009E2B87 /* en */,
			);
			name = InfoPlist.strings;
			sourceTree = "<group>";
		};
		AA61318E16E43728009E2B87 /* MainStoryboard.storyboard */ = {
			isa = PBXVariantGroup;
			children = (
				AA61318F16E43728009E2B87 /* en */,
			);
			name = MainStoryboard.storyboard;
			sourceTree = "<group>";
		};
/* End PBXVariantGroup section */

/* Begin XCBuildConfiguration section */
		AA61319416E43728009E2B87 /* Debug */ = {
			isa = XCBuildConfiguration;
			buildSettings = {
				ALWAYS_SEARCH_USER_PATHS = NO;
				CLANG_CXX_LANGUAGE_STANDARD = "gnu++0x";
				CLANG_CXX_LIBRARY = "libc++";
				CLANG_ENABLE_OBJC_ARC = YES;
				CLANG_WARN_CONSTANT_CONVERSION = YES;
				CLANG_WARN_EMPTY_BODY = YES;
				CLANG_WARN_ENUM_CONVERSION = YES;
				CLANG_WARN_INT_CONVERSION = YES;
				CLANG_WARN__DUPLICATE_METHOD_MATCH = YES;
				"CODE_SIGN_IDENTITY[sdk=iphoneos*]" = "iPhone Developer";
				COPY_PHASE_STRIP = NO;
				GCC_C_LANGUAGE_STANDARD = gnu99;
				GCC_DYNAMIC_NO_PIC = NO;
				GCC_OPTIMIZATION_LEVEL = 0;
				GCC_PREPROCESSOR_DEFINITIONS = (
					"DEBUG=1",
					"$(inherited)",
				);
				GCC_SYMBOLS_PRIVATE_EXTERN = NO;
				GCC_WARN_ABOUT_RETURN_TYPE = YES;
				GCC_WARN_UNINITIALIZED_AUTOS = YES;
				GCC_WARN_UNUSED_VARIABLE = YES;
				IPHONEOS_DEPLOYMENT_TARGET = 6.1;
				ONLY_ACTIVE_ARCH = YES;
				SDKROOT = iphoneos;
				TARGETED_DEVICE_FAMILY = 2;
			};
			name = Debug;
		};
		AA61319516E43728009E2B87 /* Release */ = {
			isa = XCBuildConfiguration;
			buildSettings = {
				ALWAYS_SEARCH_USER_PATHS = NO;
				CLANG_CXX_LANGUAGE_STANDARD = "gnu++0x";
				CLANG_CXX_LIBRARY = "libc++";
				CLANG_ENABLE_OBJC_ARC = YES;
				CLANG_WARN_CONSTANT_CONVERSION = YES;
				CLANG_WARN_EMPTY_BODY = YES;
				CLANG_WARN_ENUM_CONVERSION = YES;
				CLANG_WARN_INT_CONVERSION = YES;
				CLANG_WARN__DUPLICATE_METHOD_MATCH = YES;
				"CODE_SIGN_IDENTITY[sdk=iphoneos*]" = "iPhone Developer";
				COPY_PHASE_STRIP = YES;
				GCC_C_LANGUAGE_STANDARD = gnu99;
				GCC_WARN_ABOUT_RETURN_TYPE = YES;
				GCC_WARN_UNINITIALIZED_AUTOS = YES;
				GCC_WARN_UNUSED_VARIABLE = YES;
				IPHONEOS_DEPLOYMENT_TARGET = 6.1;
				OTHER_CFLAGS = "-DNS_BLOCK_ASSERTIONS=1";
				SDKROOT = iphoneos;
				TARGETED_DEVICE_FAMILY = 2;
				VALIDATE_PRODUCT = YES;
			};
			name = Release;
		};
		AA61319716E43728009E2B87 /* Debug */ = {
			isa = XCBuildConfiguration;
			buildSettings = {
				GCC_PRECOMPILE_PREFIX_HEADER = YES;
				GCC_PREFIX_HEADER = "Voronoi-iOS/Voronoi-iOS-Prefix.pch";
				INFOPLIST_FILE = "Voronoi-iOS/Voronoi-iOS-Info.plist";
				PRODUCT_NAME = "$(TARGET_NAME)";
				WRAPPER_EXTENSION = app;
			};
			name = Debug;
		};
		AA61319816E43728009E2B87 /* Release */ = {
			isa = XCBuildConfiguration;
			buildSettings = {
				GCC_PRECOMPILE_PREFIX_HEADER = YES;
				GCC_PREFIX_HEADER = "Voronoi-iOS/Voronoi-iOS-Prefix.pch";
				INFOPLIST_FILE = "Voronoi-iOS/Voronoi-iOS-Info.plist";
				PRODUCT_NAME = "$(TARGET_NAME)";
				WRAPPER_EXTENSION = app;
			};
			name = Release;
		};
/* End XCBuildConfiguration section */

/* Begin XCConfigurationList section */
		AA61316E16E43728009E2B87 /* Build configuration list for PBXProject "Voronoi-iOS" */ = {
			isa = XCConfigurationList;
			buildConfigurations = (
				AA61319416E43728009E2B87 /* Debug */,
				AA61319516E43728009E2B87 /* Release */,
			);
			defaultConfigurationIsVisible = 0;
			defaultConfigurationName = Release;
		};
		AA61319616E43728009E2B87 /* Build configuration list for PBXNativeTarget "Voronoi-iOS" */ = {
			isa = XCConfigurationList;
			buildConfigurations = (
				AA61319716E43728009E2B87 /* Debug */,
				AA61319816E43728009E2B87 /* Release */,
			);
			defaultConfigurationIsVisible = 0;
		};
/* End XCConfigurationList section */
	};
	rootObject = AA61316B16E43728009E2B87 /* Project object */;
}
